
Microsoft Visual Studio Solution File, Format Version 12.00
# Visual Studio 15
VisualStudioVersion = 15.0.27004.2005
MinimumVisualStudioVersion = 10.0.40219.1
Project("{FAE04EC0-301F-11D3-BF4B-00C04F79EFBC}") = "GoldFishProject", "GoldFishProject\GoldFishProject.csproj", "{064EAFA0-C82D-42BF-9E83-8FACB5510745}"
EndProject
Project("{2150E333-8FDC-42A3-9474-1A3956D46DE8}") = "Solution Items", "Solution Items", "{345846AF-6235-4593-AC8E-F66A1FDA4DB2}"
	ProjectSection(SolutionItems) = preProject
		tempca.pfx = tempca.pfx
	EndProjectSection
EndProject
Project("{FAE04EC0-301F-11D3-BF4B-00C04F79EFBC}") = "FishyAppXDeploy", "FishyAppXDeploy\FishyAppXDeploy.vsdproj", "{DA7CA3D8-2668-413C-A2A0-476A6239F06B}"
	ProjectSection(ProjectDependencies) = postProject
		{064EAFA0-C82D-42BF-9E83-8FACB5510745} = {064EAFA0-C82D-42BF-9E83-8FACB5510745}
	EndProjectSection
EndProject
Project("{2150E333-8FDC-42A3-9474-1A3956D46DE8}") = "Packaging", "Packaging", "{609DFB8D-8FE5-40BA-BAF9-87ECA9BB706E}"
	ProjectSection(SolutionItems) = preProject
		Packaging\appxmanifest.xml = Packaging\appxmanifest.xml
	EndProjectSection
EndProject
Project("{2150E333-8FDC-42A3-9474-1A3956D46DE8}") = "Assets", "Assets", "{B8019146-4F80-4675-9350-5D2EAD928A16}"
	ProjectSection(SolutionItems) = preProject
		Packaging\Assets\LargeTile.png = Packaging\Assets\LargeTile.png
		Packaging\Assets\LargeTile.scale-100.png = Packaging\Assets\LargeTile.scale-100.png
		Packaging\Assets\LargeTile.scale-125.png = Packaging\Assets\LargeTile.scale-125.png
		Packaging\Assets\LargeTile.scale-150.png = Packaging\Assets\LargeTile.scale-150.png
		Packaging\Assets\LargeTile.scale-200.png = Packaging\Assets\LargeTile.scale-200.png
		Packaging\Assets\LargeTile.scale-400.png = Packaging\Assets\LargeTile.scale-400.png
		Packaging\Assets\LockScreenLogo.scale-200.png = Packaging\Assets\LockScreenLogo.scale-200.png
		Packaging\Assets\screenshot.png = Packaging\Assets\screenshot.png
		Packaging\Assets\SmallTile.png = Packaging\Assets\SmallTile.png
		Packaging\Assets\SmallTile.scale-100.png = Packaging\Assets\SmallTile.scale-100.png
		Packaging\Assets\SmallTile.scale-125.png = Packaging\Assets\SmallTile.scale-125.png
		Packaging\Assets\SmallTile.scale-150.png = Packaging\Assets\SmallTile.scale-150.png
		Packaging\Assets\SmallTile.scale-200.png = Packaging\Assets\SmallTile.scale-200.png
		Packaging\Assets\SmallTile.scale-400.png = Packaging\Assets\SmallTile.scale-400.png
		Packaging\Assets\SplashScreen.png = Packaging\Assets\SplashScreen.png
		Packaging\Assets\SplashScreen.scale-100.png = Packaging\Assets\SplashScreen.scale-100.png
		Packaging\Assets\SplashScreen.scale-125.png = Packaging\Assets\SplashScreen.scale-125.png
		Packaging\Assets\SplashScreen.scale-150.png = Packaging\Assets\SplashScreen.scale-150.png
		Packaging\Assets\SplashScreen.scale-200.png = Packaging\Assets\SplashScreen.scale-200.png
		Packaging\Assets\SplashScreen.scale-400.png = Packaging\Assets\SplashScreen.scale-400.png
		Packaging\Assets\Square150x150Logo.png = Packaging\Assets\Square150x150Logo.png
		Packaging\Assets\Square150x150Logo.scale-100.png = Packaging\Assets\Square150x150Logo.scale-100.png
		Packaging\Assets\Square150x150Logo.scale-125.png = Packaging\Assets\Square150x150Logo.scale-125.png
		Packaging\Assets\Square150x150Logo.scale-150.png = Packaging\Assets\Square150x150Logo.scale-150.png
		Packaging\Assets\Square150x150Logo.scale-200.png = Packaging\Assets\Square150x150Logo.scale-200.png
		Packaging\Assets\Square150x150Logo.scale-400.png = Packaging\Assets\Square150x150Logo.scale-400.png
		Packaging\Assets\Square44x44Logo.altform-unplated_targetsize-16.png = Packaging\Assets\Square44x44Logo.altform-unplated_targetsize-16.png
		Packaging\Assets\Square44x44Logo.altform-unplated_targetsize-256.png = Packaging\Assets\Square44x44Logo.altform-unplated_targetsize-256.png
		Packaging\Assets\Square44x44Logo.altform-unplated_targetsize-32.png = Packaging\Assets\Square44x44Logo.altform-unplated_targetsize-32.png
		Packaging\Assets\Square44x44Logo.altform-unplated_targetsize-48.png = Packaging\Assets\Square44x44Logo.altform-unplated_targetsize-48.png
		Packaging\Assets\Square44x44Logo.png = Packaging\Assets\Square44x44Logo.png
		Packaging\Assets\Square44x44Logo.scale-100.png = Packaging\Assets\Square44x44Logo.scale-100.png
		Packaging\Assets\Square44x44Logo.scale-125.png = Packaging\Assets\Square44x44Logo.scale-125.png
		Packaging\Assets\Square44x44Logo.scale-150.png = Packaging\Assets\Square44x44Logo.scale-150.png
		Packaging\Assets\Square44x44Logo.scale-200.png = Packaging\Assets\Square44x44Logo.scale-200.png
		Packaging\Assets\Square44x44Logo.scale-400.png = Packaging\Assets\Square44x44Logo.scale-400.png
		Packaging\Assets\Square44x44Logo.targetsize-16.png = Packaging\Assets\Square44x44Logo.targetsize-16.png
		Packaging\Assets\Square44x44Logo.targetsize-24.png = Packaging\Assets\Square44x44Logo.targetsize-24.png
		Packaging\Assets\Square44x44Logo.targetsize-24_altform-unplated.png = Packaging\Assets\Square44x44Logo.targetsize-24_altform-unplated.png
		Packaging\Assets\Square44x44Logo.targetsize-256.png = Packaging\Assets\Square44x44Logo.targetsize-256.png
		Packaging\Assets\Square44x44Logo.targetsize-32.png = Packaging\Assets\Square44x44Logo.targetsize-32.png
		Packaging\Assets\Square44x44Logo.targetsize-48.png = Packaging\Assets\Square44x44Logo.targetsize-48.png
		Packaging\Assets\StoreLogo.backup.png = Packaging\Assets\StoreLogo.backup.png
		Packaging\Assets\StoreLogo.png = Packaging\Assets\StoreLogo.png
		Packaging\Assets\StoreLogo.scale-100.png = Packaging\Assets\StoreLogo.scale-100.png
		Packaging\Assets\StoreLogo.scale-125.png = Packaging\Assets\StoreLogo.scale-125.png
		Packaging\Assets\StoreLogo.scale-150.png = Packaging\Assets\StoreLogo.scale-150.png
		Packaging\Assets\StoreLogo.scale-200.png = Packaging\Assets\StoreLogo.scale-200.png
		Packaging\Assets\StoreLogo.scale-400.png = Packaging\Assets\StoreLogo.scale-400.png
		Packaging\Assets\systray-screenshot.png = Packaging\Assets\systray-screenshot.png
		Packaging\Assets\Wide310x150Logo.png = Packaging\Assets\Wide310x150Logo.png
		Packaging\Assets\Wide310x150Logo.scale-100.png = Packaging\Assets\Wide310x150Logo.scale-100.png
		Packaging\Assets\Wide310x150Logo.scale-125.png = Packaging\Assets\Wide310x150Logo.scale-125.png
		Packaging\Assets\Wide310x150Logo.scale-150.png = Packaging\Assets\Wide310x150Logo.scale-150.png
		Packaging\Assets\Wide310x150Logo.scale-200.png = Packaging\Assets\Wide310x150Logo.scale-200.png
		Packaging\Assets\Wide310x150Logo.scale-400.png = Packaging\Assets\Wide310x150Logo.scale-400.png
	EndProjectSection
EndProject
Global
	GlobalSection(SolutionConfigurationPlatforms) = preSolution
		Debug|Any CPU = Debug|Any CPU
		Debug|ARM = Debug|ARM
		Debug|x64 = Debug|x64
		Debug|x86 = Debug|x86
		Release|Any CPU = Release|Any CPU
		Release|ARM = Release|ARM
		Release|x64 = Release|x64
		Release|x86 = Release|x86
	EndGlobalSection
	GlobalSection(ProjectConfigurationPlatforms) = postSolution
		{064EAFA0-C82D-42BF-9E83-8FACB5510745}.Debug|Any CPU.ActiveCfg = Debug|Any CPU
		{064EAFA0-C82D-42BF-9E83-8FACB5510745}.Debug|Any CPU.Build.0 = Debug|Any CPU
		{064EAFA0-C82D-42BF-9E83-8FACB5510745}.Debug|ARM.ActiveCfg = Debug|Any CPU
		{064EAFA0-C82D-42BF-9E83-8FACB5510745}.Debug|ARM.Build.0 = Debug|Any CPU
		{064EAFA0-C82D-42BF-9E83-8FACB5510745}.Debug|x64.ActiveCfg = Debug|Any CPU
		{064EAFA0-C82D-42BF-9E83-8FACB5510745}.Debug|x64.Build.0 = Debug|Any CPU
		{064EAFA0-C82D-42BF-9E83-8FACB5510745}.Debug|x86.ActiveCfg = Debug|Any CPU
		{064EAFA0-C82D-42BF-9E83-8FACB5510745}.Debug|x86.Build.0 = Debug|Any CPU
		{064EAFA0-C82D-42BF-9E83-8FACB5510745}.Release|Any CPU.ActiveCfg = Release|Any CPU
		{064EAFA0-C82D-42BF-9E83-8FACB5510745}.Release|Any CPU.Build.0 = Release|Any CPU
		{064EAFA0-C82D-42BF-9E83-8FACB5510745}.Release|ARM.ActiveCfg = Release|Any CPU
		{064EAFA0-C82D-42BF-9E83-8FACB5510745}.Release|ARM.Build.0 = Release|Any CPU
		{064EAFA0-C82D-42BF-9E83-8FACB5510745}.Release|x64.ActiveCfg = Release|Any CPU
		{064EAFA0-C82D-42BF-9E83-8FACB5510745}.Release|x64.Build.0 = Release|Any CPU
		{064EAFA0-C82D-42BF-9E83-8FACB5510745}.Release|x86.ActiveCfg = Release|Any CPU
		{064EAFA0-C82D-42BF-9E83-8FACB5510745}.Release|x86.Build.0 = Release|Any CPU
		{DA7CA3D8-2668-413C-A2A0-476A6239F06B}.Debug|Any CPU.ActiveCfg = Debug|Any CPU
		{DA7CA3D8-2668-413C-A2A0-476A6239F06B}.Debug|Any CPU.Build.0 = Debug|Any CPU
		{DA7CA3D8-2668-413C-A2A0-476A6239F06B}.Debug|Any CPU.Deploy.0 = Debug|Any CPU
		{DA7CA3D8-2668-413C-A2A0-476A6239F06B}.Debug|ARM.ActiveCfg = Debug|ARM
		{DA7CA3D8-2668-413C-A2A0-476A6239F06B}.Debug|ARM.Build.0 = Debug|ARM
		{DA7CA3D8-2668-413C-A2A0-476A6239F06B}.Debug|ARM.Deploy.0 = Debug|ARM
		{DA7CA3D8-2668-413C-A2A0-476A6239F06B}.Debug|x64.ActiveCfg = Debug|x64
		{DA7CA3D8-2668-413C-A2A0-476A6239F06B}.Debug|x64.Build.0 = Debug|x64
		{DA7CA3D8-2668-413C-A2A0-476A6239F06B}.Debug|x64.Deploy.0 = Debug|x64
		{DA7CA3D8-2668-413C-A2A0-476A6239F06B}.Debug|x86.ActiveCfg = Debug|x86
		{DA7CA3D8-2668-413C-A2A0-476A6239F06B}.Debug|x86.Build.0 = Debug|x86
		{DA7CA3D8-2668-413C-A2A0-476A6239F06B}.Debug|x86.Deploy.0 = Debug|x86
		{DA7CA3D8-2668-413C-A2A0-476A6239F06B}.Release|Any CPU.ActiveCfg = Release|Any CPU
		{DA7CA3D8-2668-413C-A2A0-476A6239F06B}.Release|Any CPU.Build.0 = Release|Any CPU
		{DA7CA3D8-2668-413C-A2A0-476A6239F06B}.Release|Any CPU.Deploy.0 = Release|Any CPU
		{DA7CA3D8-2668-413C-A2A0-476A6239F06B}.Release|ARM.ActiveCfg = Release|ARM
		{DA7CA3D8-2668-413C-A2A0-476A6239F06B}.Release|ARM.Build.0 = Release|ARM
		{DA7CA3D8-2668-413C-A2A0-476A6239F06B}.Release|ARM.Deploy.0 = Release|ARM
		{DA7CA3D8-2668-413C-A2A0-476A6239F06B}.Release|x64.ActiveCfg = Release|x64
		{DA7CA3D8-2668-413C-A2A0-476A6239F06B}.Release|x64.Build.0 = Release|x64
		{DA7CA3D8-2668-413C-A2A0-476A6239F06B}.Release|x64.Deploy.0 = Release|x64
		{DA7CA3D8-2668-413C-A2A0-476A6239F06B}.Release|x86.ActiveCfg = Release|x86
		{DA7CA3D8-2668-413C-A2A0-476A6239F06B}.Release|x86.Build.0 = Release|x86
		{DA7CA3D8-2668-413C-A2A0-476A6239F06B}.Release|x86.Deploy.0 = Release|x86
	EndGlobalSection
	GlobalSection(SolutionProperties) = preSolution
		HideSolutionNode = FALSE
	EndGlobalSection
	GlobalSection(NestedProjects) = preSolution
		{B8019146-4F80-4675-9350-5D2EAD928A16} = {609DFB8D-8FE5-40BA-BAF9-87ECA9BB706E}
	EndGlobalSection
	GlobalSection(ExtensibilityGlobals) = postSolution
		SolutionGuid = {DB25770F-4353-46B2-86D1-738E122F3025}
	EndGlobalSection
EndGlobal
